// !$*UTF8*$!
{
	archiveVersion = 1;
	classes = {
	};
	objectVersion = 46;
	objects = {

/* Begin PBXBuildFile section */
		8406FE7E1AB85C2600D1D872 /* main.c in Sources */ = {isa = PBXBuildFile; fileRef = 8406FE7D1AB85C2600D1D872 /* main.c */; };
		CE435D821AC41B560082B8E8 /* Data_s.c in Sources */ = {isa = PBXBuildFile; fileRef = CE435D801AC41B560082B8E8 /* Data_s.c */; };
		CE435D891AD39D5C0082B8E8 /* Model_data.c in Sources */ = {isa = PBXBuildFile; fileRef = CE435D871AD39D5C0082B8E8 /* Model_data.c */; };
		CE8524691B26C523004CAD55 /* Calculate_J.c in Sources */ = {isa = PBXBuildFile; fileRef = CE8524671B26C523004CAD55 /* Calculate_J.c */; };
		CEDC7CCB1B28353F0021E7E4 /* Main_calculate.c in Sources */ = {isa = PBXBuildFile; fileRef = CEDC7CCA1B28353F0021E7E4 /* Main_calculate.c */; };
		CEE071711AE7864E00BAEE04 /* Math_fuctions.c in Sources */ = {isa = PBXBuildFile; fileRef = CEE0716F1AE7864E00BAEE04 /* Math_fuctions.c */; };
		CEE071741AE7A01300BAEE04 /* WriteFile.c in Sources */ = {isa = PBXBuildFile; fileRef = CEE071721AE7A01300BAEE04 /* WriteFile.c */; };
		CEE071771AE7A1D800BAEE04 /* Print.c in Sources */ = {isa = PBXBuildFile; fileRef = CEE071751AE7A1D800BAEE04 /* Print.c */; };
		CEE2BE171ADC4D7F0036B93A /* Array_s.c in Sources */ = {isa = PBXBuildFile; fileRef = CEE2BE151ADC4D7F0036B93A /* Array_s.c */; };
		CEE2BE1C1ADE620F0036B93A /* Graph_builder.c in Sources */ = {isa = PBXBuildFile; fileRef = CEE2BE1A1ADE620F0036B93A /* Graph_builder.c */; };
		CEE2BE1F1ADE627C0036B93A /* Inductor_model_data.c in Sources */ = {isa = PBXBuildFile; fileRef = CEE2BE1D1ADE627C0036B93A /* Inductor_model_data.c */; };
		CEE2BE221ADE64ED0036B93A /* Model_point.c in Sources */ = {isa = PBXBuildFile; fileRef = CEE2BE201ADE64ED0036B93A /* Model_point.c */; };
		CEE2BE2A1ADFA5750036B93A /* Intergals.c in Sources */ = {isa = PBXBuildFile; fileRef = CEE2BE281ADFA5750036B93A /* Intergals.c */; };
		CEE2BE2D1ADFA5E90036B93A /* Calculate_B.c in Sources */ = {isa = PBXBuildFile; fileRef = CEE2BE2B1ADFA5E90036B93A /* Calculate_B.c */; };
		CEF31B8B1B2C361000B964D3 /* LatexPDF_builder.c in Sources */ = {isa = PBXBuildFile; fileRef = CEF31B891B2C361000B964D3 /* LatexPDF_builder.c */; };
		CEF31B901B2D9B1000B964D3 /* test.text in Sources */ = {isa = PBXBuildFile; fileRef = CEF31B8F1B2D9B1000B964D3 /* test.text */; };
/* End PBXBuildFile section */

/* Begin PBXCopyFilesBuildPhase section */
		8406FE781AB85C2600D1D872 /* CopyFiles */ = {
			isa = PBXCopyFilesBuildPhase;
			buildActionMask = 2147483647;
			dstPath = /usr/share/man/man1/;
			dstSubfolderSpec = 0;
			files = (
			);
			runOnlyForDeploymentPostprocessing = 1;
		};
/* End PBXCopyFilesBuildPhase section */

/* Begin PBXFileReference section */
		8406FE7A1AB85C2600D1D872 /* Diplom */ = {isa = PBXFileReference; explicitFileType = "compiled.mach-o.executable"; includeInIndex = 0; path = Diplom; sourceTree = BUILT_PRODUCTS_DIR; };
		8406FE7D1AB85C2600D1D872 /* main.c */ = {isa = PBXFileReference; lastKnownFileType = sourcecode.c.c; path = main.c; sourceTree = "<group>"; };
		CE435D801AC41B560082B8E8 /* Data_s.c */ = {isa = PBXFileReference; fileEncoding = 4; lastKnownFileType = sourcecode.c.c; path = Data_s.c; sourceTree = "<group>"; };
		CE435D811AC41B560082B8E8 /* Data_s.h */ = {isa = PBXFileReference; fileEncoding = 4; lastKnownFileType = sourcecode.c.h; path = Data_s.h; sourceTree = "<group>"; };
		CE435D861AD39AE50082B8E8 /* Draw_Inductor_Model.tex */ = {isa = PBXFileReference; fileEncoding = 4; lastKnownFileType = text; path = Draw_Inductor_Model.tex; sourceTree = "<group>"; };
		CE435D871AD39D5C0082B8E8 /* Model_data.c */ = {isa = PBXFileReference; fileEncoding = 4; lastKnownFileType = sourcecode.c.c; path = Model_data.c; sourceTree = "<group>"; };
		CE435D881AD39D5C0082B8E8 /* Model_data.h */ = {isa = PBXFileReference; fileEncoding = 4; lastKnownFileType = sourcecode.c.h; path = Model_data.h; sourceTree = "<group>"; };
		CE8524671B26C523004CAD55 /* Calculate_J.c */ = {isa = PBXFileReference; fileEncoding = 4; lastKnownFileType = sourcecode.c.c; path = Calculate_J.c; sourceTree = "<group>"; };
		CE8524681B26C523004CAD55 /* Calculate_J.h */ = {isa = PBXFileReference; fileEncoding = 4; lastKnownFileType = sourcecode.c.h; path = Calculate_J.h; sourceTree = "<group>"; };
		CEDC7CCA1B28353F0021E7E4 /* Main_calculate.c */ = {isa = PBXFileReference; fileEncoding = 4; lastKnownFileType = sourcecode.c.c; path = Main_calculate.c; sourceTree = "<group>"; };
		CEDC7CDF1B2B23BB0021E7E4 /* test */ = {isa = PBXFileReference; fileEncoding = 4; lastKnownFileType = text; path = test; sourceTree = "<group>"; };
		CEE0716E1AE655D200BAEE04 /* Inductor_model.pdf */ = {isa = PBXFileReference; lastKnownFileType = image.pdf; path = Inductor_model.pdf; sourceTree = "<group>"; };
		CEE0716F1AE7864E00BAEE04 /* Math_fuctions.c */ = {isa = PBXFileReference; fileEncoding = 4; lastKnownFileType = sourcecode.c.c; path = Math_fuctions.c; sourceTree = "<group>"; };
		CEE071701AE7864E00BAEE04 /* Math_fuctions.h */ = {isa = PBXFileReference; fileEncoding = 4; lastKnownFileType = sourcecode.c.h; path = Math_fuctions.h; sourceTree = "<group>"; };
		CEE071721AE7A01300BAEE04 /* WriteFile.c */ = {isa = PBXFileReference; fileEncoding = 4; lastKnownFileType = sourcecode.c.c; path = WriteFile.c; sourceTree = "<group>"; };
		CEE071731AE7A01300BAEE04 /* WriteFile.h */ = {isa = PBXFileReference; fileEncoding = 4; lastKnownFileType = sourcecode.c.h; path = WriteFile.h; sourceTree = "<group>"; };
		CEE071751AE7A1D800BAEE04 /* Print.c */ = {isa = PBXFileReference; fileEncoding = 4; lastKnownFileType = sourcecode.c.c; path = Print.c; sourceTree = "<group>"; };
		CEE071761AE7A1D800BAEE04 /* Print.h */ = {isa = PBXFileReference; fileEncoding = 4; lastKnownFileType = sourcecode.c.h; path = Print.h; sourceTree = "<group>"; };
		CEE0717B1AE7C72600BAEE04 /* Draw_Inductor_B0.tex */ = {isa = PBXFileReference; fileEncoding = 4; lastKnownFileType = text; path = Draw_Inductor_B0.tex; sourceTree = "<group>"; };
		CEE0717C1AE7C7CA00BAEE04 /* Build_PDF_Inductor_B0.sh */ = {isa = PBXFileReference; fileEncoding = 4; lastKnownFileType = text.script.sh; path = Build_PDF_Inductor_B0.sh; sourceTree = "<group>"; };
		CEE0717D1AE7C9B300BAEE04 /* Inductor_B0.pdf */ = {isa = PBXFileReference; lastKnownFileType = image.pdf; path = Inductor_B0.pdf; sourceTree = "<group>"; };
		CEE2BE151ADC4D7F0036B93A /* Array_s.c */ = {isa = PBXFileReference; fileEncoding = 4; lastKnownFileType = sourcecode.c.c; path = Array_s.c; sourceTree = "<group>"; };
		CEE2BE161ADC4D7F0036B93A /* Array_s.h */ = {isa = PBXFileReference; fileEncoding = 4; lastKnownFileType = sourcecode.c.h; path = Array_s.h; sourceTree = "<group>"; };
		CEE2BE181ADC51590036B93A /* Default_model_params.h */ = {isa = PBXFileReference; lastKnownFileType = sourcecode.c.h; path = Default_model_params.h; sourceTree = "<group>"; };
		CEE2BE191ADD1B3D0036B93A /* Config.h */ = {isa = PBXFileReference; lastKnownFileType = sourcecode.c.h; path = Config.h; sourceTree = "<group>"; };
		CEE2BE1A1ADE620F0036B93A /* Graph_builder.c */ = {isa = PBXFileReference; fileEncoding = 4; lastKnownFileType = sourcecode.c.c; path = Graph_builder.c; sourceTree = "<group>"; };
		CEE2BE1B1ADE620F0036B93A /* Graph_builder.h */ = {isa = PBXFileReference; fileEncoding = 4; lastKnownFileType = sourcecode.c.h; path = Graph_builder.h; sourceTree = "<group>"; };
		CEE2BE1D1ADE627C0036B93A /* Inductor_model_data.c */ = {isa = PBXFileReference; fileEncoding = 4; lastKnownFileType = sourcecode.c.c; path = Inductor_model_data.c; sourceTree = "<group>"; };
		CEE2BE1E1ADE627C0036B93A /* Inductor_model_data.h */ = {isa = PBXFileReference; fileEncoding = 4; lastKnownFileType = sourcecode.c.h; path = Inductor_model_data.h; sourceTree = "<group>"; };
		CEE2BE201ADE64ED0036B93A /* Model_point.c */ = {isa = PBXFileReference; fileEncoding = 4; lastKnownFileType = sourcecode.c.c; path = Model_point.c; sourceTree = "<group>"; };
		CEE2BE211ADE64ED0036B93A /* Model_point.h */ = {isa = PBXFileReference; fileEncoding = 4; lastKnownFileType = sourcecode.c.h; path = Model_point.h; sourceTree = "<group>"; };
		CEE2BE281ADFA5750036B93A /* Intergals.c */ = {isa = PBXFileReference; fileEncoding = 4; lastKnownFileType = sourcecode.c.c; path = Intergals.c; sourceTree = "<group>"; };
		CEE2BE291ADFA5750036B93A /* Intergals.h */ = {isa = PBXFileReference; fileEncoding = 4; lastKnownFileType = sourcecode.c.h; path = Intergals.h; sourceTree = "<group>"; };
		CEE2BE2B1ADFA5E90036B93A /* Calculate_B.c */ = {isa = PBXFileReference; fileEncoding = 4; lastKnownFileType = sourcecode.c.c; path = Calculate_B.c; sourceTree = "<group>"; };
		CEE2BE2C1ADFA5E90036B93A /* Calculate_B.h */ = {isa = PBXFileReference; fileEncoding = 4; lastKnownFileType = sourcecode.c.h; path = Calculate_B.h; sourceTree = "<group>"; };
		CEE2BE2E1ADFA69A0036B93A /* Main_calculate.h */ = {isa = PBXFileReference; lastKnownFileType = sourcecode.c.h; path = Main_calculate.h; sourceTree = "<group>"; };
		CEE2BE301ADFE6540036B93A /* Build_PDF_Inductor_model.sh */ = {isa = PBXFileReference; lastKnownFileType = text.script.sh; path = Build_PDF_Inductor_model.sh; sourceTree = "<group>"; };
		CEF31B891B2C361000B964D3 /* LatexPDF_builder.c */ = {isa = PBXFileReference; fileEncoding = 4; lastKnownFileType = sourcecode.c.c; path = LatexPDF_builder.c; sourceTree = "<group>"; };
		CEF31B8A1B2C361000B964D3 /* LatexPDF_builder.h */ = {isa = PBXFileReference; fileEncoding = 4; lastKnownFileType = sourcecode.c.h; path = LatexPDF_builder.h; sourceTree = "<group>"; };
		CEF31B8C1B2C621900B964D3 /* Draw_Inductor_J.tex */ = {isa = PBXFileReference; fileEncoding = 4; lastKnownFileType = text; path = Draw_Inductor_J.tex; sourceTree = "<group>"; };
		CEF31B8D1B2C655E00B964D3 /* Build_PDF_Inductor_J */ = {isa = PBXFileReference; fileEncoding = 4; lastKnownFileType = text; path = Build_PDF_Inductor_J; sourceTree = "<group>"; };
		CEF31B8F1B2D9B1000B964D3 /* test.text */ = {isa = PBXFileReference; fileEncoding = 4; lastKnownFileType = net.daringfireball.markdown; path = test.text; sourceTree = "<group>"; };
		CEF31B911B2DAB9F00B964D3 /* Inductor_J.pdf */ = {isa = PBXFileReference; lastKnownFileType = image.pdf; path = Inductor_J.pdf; sourceTree = "<group>"; };
		CEF31B921B2DAFA600B964D3 /* Calculate_Inductor_J.dat */ = {isa = PBXFileReference; fileEncoding = 4; lastKnownFileType = text; path = Calculate_Inductor_J.dat; sourceTree = "<group>"; };
		CEF31B931B2DAFA600B964D3 /* Faza_A.dat */ = {isa = PBXFileReference; fileEncoding = 4; lastKnownFileType = text; path = Faza_A.dat; sourceTree = "<group>"; };
		CEF31B941B2DAFA600B964D3 /* Faza_B.dat */ = {isa = PBXFileReference; fileEncoding = 4; lastKnownFileType = text; path = Faza_B.dat; sourceTree = "<group>"; };
		CEF31B951B2DAFA600B964D3 /* Faza_C.dat */ = {isa = PBXFileReference; fileEncoding = 4; lastKnownFileType = text; path = Faza_C.dat; sourceTree = "<group>"; };
		CEF31B961B2DAFA600B964D3 /* inductor_model.dat */ = {isa = PBXFileReference; fileEncoding = 4; lastKnownFileType = text; path = inductor_model.dat; sourceTree = "<group>"; };
/* End PBXFileReference section */

/* Begin PBXFrameworksBuildPhase section */
		8406FE771AB85C2600D1D872 /* Frameworks */ = {
			isa = PBXFrameworksBuildPhase;
			buildActionMask = 2147483647;
			files = (
			);
			runOnlyForDeploymentPostprocessing = 0;
		};
/* End PBXFrameworksBuildPhase section */

/* Begin PBXGroup section */
		8406FE711AB85C2600D1D872 = {
			isa = PBXGroup;
			children = (
				CEE0716D1AE655D200BAEE04 /* Pdf */,
				CE435D8D1AD3A92E0082B8E8 /* Scripts */,
				CE435D8B1AD3A2380082B8E8 /* Data files */,
				CE435D851AD39AE50082B8E8 /* Latex */,
				8406FE7C1AB85C2600D1D872 /* Diplom */,
				8406FE7B1AB85C2600D1D872 /* Products */,
			);
			sourceTree = "<group>";
		};
		8406FE7B1AB85C2600D1D872 /* Products */ = {
			isa = PBXGroup;
			children = (
				8406FE7A1AB85C2600D1D872 /* Diplom */,
			);
			name = Products;
			sourceTree = "<group>";
		};
		8406FE7C1AB85C2600D1D872 /* Diplom */ = {
			isa = PBXGroup;
			children = (
				CE435D7E1AC41B240082B8E8 /* Code */,
			);
			path = Diplom;
			sourceTree = "<group>";
		};
		CE435D7E1AC41B240082B8E8 /* Code */ = {
			isa = PBXGroup;
			children = (
				CEE2BE231ADE72890036B93A /* Calculate */,
				CEE2BE141ADC4D690036B93A /* Libs */,
				CE435D7F1AC41B2F0082B8E8 /* Data */,
				CEE2BE1B1ADE620F0036B93A /* Graph_builder.h */,
				CEE2BE1A1ADE620F0036B93A /* Graph_builder.c */,
				CEE2BE191ADD1B3D0036B93A /* Config.h */,
				8406FE7D1AB85C2600D1D872 /* main.c */,
				CEE071731AE7A01300BAEE04 /* WriteFile.h */,
				CEE071721AE7A01300BAEE04 /* WriteFile.c */,
				CEE071761AE7A1D800BAEE04 /* Print.h */,
				CEE071751AE7A1D800BAEE04 /* Print.c */,
				CEF31B891B2C361000B964D3 /* LatexPDF_builder.c */,
				CEF31B8A1B2C361000B964D3 /* LatexPDF_builder.h */,
			);
			name = Code;
			sourceTree = "<group>";
		};
		CE435D7F1AC41B2F0082B8E8 /* Data */ = {
			isa = PBXGroup;
			children = (
				CEE2BE181ADC51590036B93A /* Default_model_params.h */,
				CE435D881AD39D5C0082B8E8 /* Model_data.h */,
				CE435D871AD39D5C0082B8E8 /* Model_data.c */,
				CE435D811AC41B560082B8E8 /* Data_s.h */,
				CE435D801AC41B560082B8E8 /* Data_s.c */,
				CEE2BE1E1ADE627C0036B93A /* Inductor_model_data.h */,
				CEE2BE1D1ADE627C0036B93A /* Inductor_model_data.c */,
				CEE2BE201ADE64ED0036B93A /* Model_point.c */,
				CEE2BE211ADE64ED0036B93A /* Model_point.h */,
			);
			name = Data;
			sourceTree = "<group>";
		};
		CE435D851AD39AE50082B8E8 /* Latex */ = {
			isa = PBXGroup;
			children = (
				CEE0717B1AE7C72600BAEE04 /* Draw_Inductor_B0.tex */,
				CE435D861AD39AE50082B8E8 /* Draw_Inductor_Model.tex */,
				CEF31B8C1B2C621900B964D3 /* Draw_Inductor_J.tex */,
				CEF31B8F1B2D9B1000B964D3 /* test.text */,
			);
			path = Latex;
			sourceTree = "<group>";
		};
		CE435D8B1AD3A2380082B8E8 /* Data files */ = {
			isa = PBXGroup;
			children = (
				CEF31B921B2DAFA600B964D3 /* Calculate_Inductor_J.dat */,
				CEF31B931B2DAFA600B964D3 /* Faza_A.dat */,
				CEF31B941B2DAFA600B964D3 /* Faza_B.dat */,
				CEF31B951B2DAFA600B964D3 /* Faza_C.dat */,
				CEF31B961B2DAFA600B964D3 /* inductor_model.dat */,
				CEDC7CDF1B2B23BB0021E7E4 /* test */,
			);
			path = "Data files";
			sourceTree = "<group>";
		};
		CE435D8D1AD3A92E0082B8E8 /* Scripts */ = {
			isa = PBXGroup;
			children = (
				CEE0717C1AE7C7CA00BAEE04 /* Build_PDF_Inductor_B0.sh */,
				CEE2BE301ADFE6540036B93A /* Build_PDF_Inductor_model.sh */,
				CEF31B8D1B2C655E00B964D3 /* Build_PDF_Inductor_J */,
			);
			path = Scripts;
			sourceTree = "<group>";
		};
		CEE0716D1AE655D200BAEE04 /* Pdf */ = {
			isa = PBXGroup;
			children = (
				CEE0716E1AE655D200BAEE04 /* Inductor_model.pdf */,
				CEF31B911B2DAB9F00B964D3 /* Inductor_J.pdf */,
				CEE0717D1AE7C9B300BAEE04 /* Inductor_B0.pdf */,
			);
			path = Pdf;
			sourceTree = "<group>";
		};
		CEE2BE141ADC4D690036B93A /* Libs */ = {
			isa = PBXGroup;
			children = (
				CEE2BE161ADC4D7F0036B93A /* Array_s.h */,
				CEE2BE151ADC4D7F0036B93A /* Array_s.c */,
			);
			name = Libs;
			sourceTree = "<group>";
		};
		CEE2BE231ADE72890036B93A /* Calculate */ = {
			isa = PBXGroup;
			children = (
				CEE2BE2E1ADFA69A0036B93A /* Main_calculate.h */,
				CEDC7CCA1B28353F0021E7E4 /* Main_calculate.c */,
				CEE2BE291ADFA5750036B93A /* Intergals.h */,
				CEE2BE281ADFA5750036B93A /* Intergals.c */,
				CEE071701AE7864E00BAEE04 /* Math_fuctions.h */,
				CEE0716F1AE7864E00BAEE04 /* Math_fuctions.c */,
				CE8524681B26C523004CAD55 /* Calculate_J.h */,
				CE8524671B26C523004CAD55 /* Calculate_J.c */,
				CEE2BE2C1ADFA5E90036B93A /* Calculate_B.h */,
				CEE2BE2B1ADFA5E90036B93A /* Calculate_B.c */,
			);
			name = Calculate;
			sourceTree = "<group>";
		};
/* End PBXGroup section */

/* Begin PBXNativeTarget section */
		8406FE791AB85C2600D1D872 /* Diplom */ = {
			isa = PBXNativeTarget;
			buildConfigurationList = 8406FE811AB85C2600D1D872 /* Build configuration list for PBXNativeTarget "Diplom" */;
			buildPhases = (
				CEE071781AE7BEEF00BAEE04 /* ShellScript */,
				8406FE761AB85C2600D1D872 /* Sources */,
				8406FE771AB85C2600D1D872 /* Frameworks */,
				8406FE781AB85C2600D1D872 /* CopyFiles */,
			);
			buildRules = (
			);
			dependencies = (
			);
			name = Diplom;
			productName = Diplom;
			productReference = 8406FE7A1AB85C2600D1D872 /* Diplom */;
			productType = "com.apple.product-type.tool";
		};
/* End PBXNativeTarget section */

/* Begin PBXProject section */
		8406FE721AB85C2600D1D872 /* Project object */ = {
			isa = PBXProject;
			attributes = {
				LastUpgradeCheck = 0620;
				ORGANIZATIONNAME = "Alex Tsiganov";
				TargetAttributes = {
					8406FE791AB85C2600D1D872 = {
						CreatedOnToolsVersion = 6.2;
					};
				};
			};
			buildConfigurationList = 8406FE751AB85C2600D1D872 /* Build configuration list for PBXProject "Diplom" */;
			compatibilityVersion = "Xcode 3.2";
			developmentRegion = English;
			hasScannedForEncodings = 0;
			knownRegions = (
				en,
			);
			mainGroup = 8406FE711AB85C2600D1D872;
			productRefGroup = 8406FE7B1AB85C2600D1D872 /* Products */;
			projectDirPath = "";
			projectRoot = "";
			targets = (
				8406FE791AB85C2600D1D872 /* Diplom */,
			);
		};
/* End PBXProject section */

/* Begin PBXShellScriptBuildPhase section */
		CEE071781AE7BEEF00BAEE04 /* ShellScript */ = {
			isa = PBXShellScriptBuildPhase;
			buildActionMask = 12;
			files = (
			);
			inputPaths = (
			);
			outputPaths = (
			);
			runOnlyForDeploymentPostprocessing = 0;
			shellPath = /bin/sh;
			shellScript = "";
		};
/* End PBXShellScriptBuildPhase section */

/* Begin PBXSourcesBuildPhase section */
		8406FE761AB85C2600D1D872 /* Sources */ = {
			isa = PBXSourcesBuildPhase;
			buildActionMask = 2147483647;
			files = (
				CEE2BE2A1ADFA5750036B93A /* Intergals.c in Sources */,
				CEF31B8B1B2C361000B964D3 /* LatexPDF_builder.c in Sources */,
				CEDC7CCB1B28353F0021E7E4 /* Main_calculate.c in Sources */,
				8406FE7E1AB85C2600D1D872 /* main.c in Sources */,
				CEE071711AE7864E00BAEE04 /* Math_fuctions.c in Sources */,
				CEE2BE1F1ADE627C0036B93A /* Inductor_model_data.c in Sources */,
				CE435D821AC41B560082B8E8 /* Data_s.c in Sources */,
				CEE071771AE7A1D800BAEE04 /* Print.c in Sources */,
				CEE2BE221ADE64ED0036B93A /* Model_point.c in Sources */,
				CEE071741AE7A01300BAEE04 /* WriteFile.c in Sources */,
				CE435D891AD39D5C0082B8E8 /* Model_data.c in Sources */,
				CEF31B901B2D9B1000B964D3 /* test.text in Sources */,
				CEE2BE1C1ADE620F0036B93A /* Graph_builder.c in Sources */,
				CEE2BE2D1ADFA5E90036B93A /* Calculate_B.c in Sources */,
				CEE2BE171ADC4D7F0036B93A /* Array_s.c in Sources */,
				CE8524691B26C523004CAD55 /* Calculate_J.c in Sources */,
			);
			runOnlyForDeploymentPostprocessing = 0;
		};
/* End PBXSourcesBuildPhase section */

/* Begin XCBuildConfiguration section */
		8406FE7F1AB85C2600D1D872 /* Debug */ = {
			isa = XCBuildConfiguration;
			buildSettings = {
				ALWAYS_SEARCH_USER_PATHS = NO;
				CLANG_CXX_LANGUAGE_STANDARD = "gnu++0x";
				CLANG_CXX_LIBRARY = "libc++";
				CLANG_ENABLE_MODULES = YES;
				CLANG_ENABLE_OBJC_ARC = YES;
				CLANG_WARN_BOOL_CONVERSION = YES;
				CLANG_WARN_CONSTANT_CONVERSION = YES;
				CLANG_WARN_DIRECT_OBJC_ISA_USAGE = YES_ERROR;
				CLANG_WARN_EMPTY_BODY = YES;
				CLANG_WARN_ENUM_CONVERSION = YES;
				CLANG_WARN_INT_CONVERSION = YES;
				CLANG_WARN_OBJC_ROOT_CLASS = YES_ERROR;
				CLANG_WARN_UNREACHABLE_CODE = YES;
				CLANG_WARN__DUPLICATE_METHOD_MATCH = YES;
				COPY_PHASE_STRIP = NO;
				ENABLE_STRICT_OBJC_MSGSEND = YES;
				GCC_C_LANGUAGE_STANDARD = gnu99;
				GCC_DYNAMIC_NO_PIC = NO;
				GCC_OPTIMIZATION_LEVEL = 0;
				GCC_PREPROCESSOR_DEFINITIONS = (
					"DEBUG=1",
					"$(inherited)",
				);
				GCC_SYMBOLS_PRIVATE_EXTERN = NO;
				GCC_WARN_64_TO_32_BIT_CONVERSION = YES;
				GCC_WARN_ABOUT_RETURN_TYPE = YES_ERROR;
				GCC_WARN_UNDECLARED_SELECTOR = YES;
				GCC_WARN_UNINITIALIZED_AUTOS = YES_AGGRESSIVE;
				GCC_WARN_UNUSED_FUNCTION = YES;
				GCC_WARN_UNUSED_VARIABLE = YES;
				MACOSX_DEPLOYMENT_TARGET = 10.9;
				MTL_ENABLE_DEBUG_INFO = YES;
				ONLY_ACTIVE_ARCH = YES;
				SDKROOT = macosx;
			};
			name = Debug;
		};
		8406FE801AB85C2600D1D872 /* Release */ = {
			isa = XCBuildConfiguration;
			buildSettings = {
				ALWAYS_SEARCH_USER_PATHS = NO;
				CLANG_CXX_LANGUAGE_STANDARD = "gnu++0x";
				CLANG_CXX_LIBRARY = "libc++";
				CLANG_ENABLE_MODULES = YES;
				CLANG_ENABLE_OBJC_ARC = YES;
				CLANG_WARN_BOOL_CONVERSION = YES;
				CLANG_WARN_CONSTANT_CONVERSION = YES;
				CLANG_WARN_DIRECT_OBJC_ISA_USAGE = YES_ERROR;
				CLANG_WARN_EMPTY_BODY = YES;
				CLANG_WARN_ENUM_CONVERSION = YES;
				CLANG_WARN_INT_CONVERSION = YES;
				CLANG_WARN_OBJC_ROOT_CLASS = YES_ERROR;
				CLANG_WARN_UNREACHABLE_CODE = YES;
				CLANG_WARN__DUPLICATE_METHOD_MATCH = YES;
				COPY_PHASE_STRIP = NO;
				DEBUG_INFORMATION_FORMAT = "dwarf-with-dsym";
				ENABLE_NS_ASSERTIONS = NO;
				ENABLE_STRICT_OBJC_MSGSEND = YES;
				GCC_C_LANGUAGE_STANDARD = gnu99;
				GCC_WARN_64_TO_32_BIT_CONVERSION = YES;
				GCC_WARN_ABOUT_RETURN_TYPE = YES_ERROR;
				GCC_WARN_UNDECLARED_SELECTOR = YES;
				GCC_WARN_UNINITIALIZED_AUTOS = YES_AGGRESSIVE;
				GCC_WARN_UNUSED_FUNCTION = YES;
				GCC_WARN_UNUSED_VARIABLE = YES;
				MACOSX_DEPLOYMENT_TARGET = 10.9;
				MTL_ENABLE_DEBUG_INFO = NO;
				SDKROOT = macosx;
			};
			name = Release;
		};
		8406FE821AB85C2600D1D872 /* Debug */ = {
			isa = XCBuildConfiguration;
			buildSettings = {
				GCC_C_LANGUAGE_STANDARD = c11;
				GCC_VERSION = "";
				HEADER_SEARCH_PATHS = (
					"$(inherited)",
					/Applications/Xcode.app/Contents/Developer/Toolchains/XcodeDefault.xctoolchain/usr/include,
					"/usr/local/lib/glib-2.0/**",
					"/usr/local/lib/glib-2.0/include/**",
					"/Users/alextsiganov/Downloads/usr/local/lib/gcc/x86_64-apple-darwin14.4.0/5.1.0/include/**",
				);
				OTHER_LDFLAGS = "";
				PRODUCT_NAME = "$(TARGET_NAME)";
				STRINGS_FILE_OUTPUT_ENCODING = "UTF-8";
			};
			name = Debug;
		};
		8406FE831AB85C2600D1D872 /* Release */ = {
			isa = XCBuildConfiguration;
			buildSettings = {
				GCC_C_LANGUAGE_STANDARD = c11;
				GCC_VERSION = "";
				OTHER_LDFLAGS = "-fopenmp";
				PRODUCT_NAME = "$(TARGET_NAME)";
				STRINGS_FILE_OUTPUT_ENCODING = "UTF-8";
			};
			name = Release;
		};
/* End XCBuildConfiguration section */

/* Begin XCConfigurationList section */
		8406FE751AB85C2600D1D872 /* Build configuration list for PBXProject "Diplom" */ = {
			isa = XCConfigurationList;
			buildConfigurations = (
				8406FE7F1AB85C2600D1D872 /* Debug */,
				8406FE801AB85C2600D1D872 /* Release */,
			);
			defaultConfigurationIsVisible = 0;
			defaultConfigurationName = Release;
		};
		8406FE811AB85C2600D1D872 /* Build configuration list for PBXNativeTarget "Diplom" */ = {
			isa = XCConfigurationList;
			buildConfigurations = (
				8406FE821AB85C2600D1D872 /* Debug */,
				8406FE831AB85C2600D1D872 /* Release */,
			);
			defaultConfigurationIsVisible = 0;
			defaultConfigurationName = Release;
		};
/* End XCConfigurationList section */
	};
	rootObject = 8406FE721AB85C2600D1D872 /* Project object */;
}
